{
  "requires": true,
  "lockfileVersion": 1,
  "dependencies": {
    "systeminformation": {
      "version": "4.34.7",
      "resolved": "https://registry.npmjs.org/systeminformation/-/systeminformation-4.34.7.tgz",
      "integrity": "sha512-cS3FiSZasFgVNjO9CP3aZmTO2VHwXKG+JN6Z85nWRyOzxRMNbZe7Xzwrewp42hj+OPMC3hk7MrAFyu/qLM65Mw=="
    }
  }
}
